
Microsoft Visual Studio Solution File, Format Version 12.00
# Visual Studio 15
VisualStudioVersion = 15.0.28307.852
MinimumVisualStudioVersion = 10.0.40219.1
Project("{FAE04EC0-301F-11D3-BF4B-00C04F79EFBC}") = "RecipeSite", "RecipeSite\RecipeSite.csproj", "{F689852A-B49E-4AD9-975F-0B78AA3FAB66}"
EndProject
Global
	GlobalSection(SolutionConfigurationPlatforms) = preSolution
		Debug|Any CPU = Debug|Any CPU
		Release|Any CPU = Release|Any CPU
	EndGlobalSection
	GlobalSection(ProjectConfigurationPlatforms) = postSolution
		{F689852A-B49E-4AD9-975F-0B78AA3FAB66}.Debug|Any CPU.ActiveCfg = Debug|Any CPU
		{F689852A-B49E-4AD9-975F-0B78AA3FAB66}.Debug|Any CPU.Build.0 = Debug|Any CPU
		{F689852A-B49E-4AD9-975F-0B78AA3FAB66}.Release|Any CPU.ActiveCfg = Release|Any CPU
		{F689852A-B49E-4AD9-975F-0B78AA3FAB66}.Release|Any CPU.Build.0 = Release|Any CPU
	EndGlobalSection
	GlobalSection(SolutionProperties) = preSolution
		HideSolutionNode = FALSE
	EndGlobalSection
	GlobalSection(ExtensibilityGlobals) = postSolution
		SolutionGuid = {886B5003-F2EB-4FB5-81B4-2F83DBEE30D7}
	EndGlobalSection
EndGlobal
